# This file is automatically @generated by Cargo.
# It is not intended for manual editing.
version = 4

[[package]]
name = "identity-hash"
version = "0.1.0"
source = "registry+https://github.com/rust-lang/crates.io-index"
checksum = "dfdd7caa900436d8f13b2346fe10257e0c05c1f1f9e351f4f5d57c03bd5f45da"

[[package]]
name = "tinyhouse-solver"
version = "0.0.1"
dependencies = [
 "identity-hash",
]
